
Microsoft Visual Studio Solution File, Format Version 12.00
# Visual Studio 15
VisualStudioVersion = 15.0.27130.2010
MinimumVisualStudioVersion = 10.0.40219.1
Project("{FAE04EC0-301F-11D3-BF4B-00C04F79EFBC}") = "CTNAPI", "CTNAPI\CTNAPI.csproj", "{6705161C-6ADB-425E-9EFF-61AC0562A2A5}"
EndProject
Global
	GlobalSection(SolutionConfigurationPlatforms) = preSolution
		Debug|Any CPU = Debug|Any CPU
		Release|Any CPU = Release|Any CPU
	EndGlobalSection
	GlobalSection(ProjectConfigurationPlatforms) = postSolution
		{6705161C-6ADB-425E-9EFF-61AC0562A2A5}.Debug|Any CPU.ActiveCfg = Debug|Any CPU
		{6705161C-6ADB-425E-9EFF-61AC0562A2A5}.Debug|Any CPU.Build.0 = Debug|Any CPU
		{6705161C-6ADB-425E-9EFF-61AC0562A2A5}.Release|Any CPU.ActiveCfg = Release|Any CPU
		{6705161C-6ADB-425E-9EFF-61AC0562A2A5}.Release|Any CPU.Build.0 = Release|Any CPU
	EndGlobalSection
	GlobalSection(SolutionProperties) = preSolution
		HideSolutionNode = FALSE
	EndGlobalSection
	GlobalSection(ExtensibilityGlobals) = postSolution
		SolutionGuid = {8A2E4EFE-CF64-4F82-B3EC-AA6154340532}
	EndGlobalSection
EndGlobal
